
Microsoft Visual Studio Solution File, Format Version 12.00
# Visual Studio Version 17
VisualStudioVersion = 17.1.32104.313
MinimumVisualStudioVersion = 10.0.40219.1
Project("{9A19103F-16F7-4668-BE54-9A1E7A4F7556}") = "RoundAbout", "RoundAbout\RoundAbout.csproj", "{04ED2D07-199C-420C-B25C-4A62ACDD58D2}"
EndProject
Project("{9A19103F-16F7-4668-BE54-9A1E7A4F7556}") = "VisualRoundAbout", "VisualRoundAbout\VisualRoundAbout.csproj", "{B52B70CC-8418-4772-8E75-900032D948BF}"
EndProject
Global
	GlobalSection(SolutionConfigurationPlatforms) = preSolution
		Debug|Any CPU = Debug|Any CPU
		Release|Any CPU = Release|Any CPU
	EndGlobalSection
	GlobalSection(ProjectConfigurationPlatforms) = postSolution
		{04ED2D07-199C-420C-B25C-4A62ACDD58D2}.Debug|Any CPU.ActiveCfg = Debug|Any CPU
		{04ED2D07-199C-420C-B25C-4A62ACDD58D2}.Debug|Any CPU.Build.0 = Debug|Any CPU
		{04ED2D07-199C-420C-B25C-4A62ACDD58D2}.Release|Any CPU.ActiveCfg = Release|Any CPU
		{04ED2D07-199C-420C-B25C-4A62ACDD58D2}.Release|Any CPU.Build.0 = Release|Any CPU
		{B52B70CC-8418-4772-8E75-900032D948BF}.Debug|Any CPU.ActiveCfg = Debug|Any CPU
		{B52B70CC-8418-4772-8E75-900032D948BF}.Debug|Any CPU.Build.0 = Debug|Any CPU
		{B52B70CC-8418-4772-8E75-900032D948BF}.Release|Any CPU.ActiveCfg = Release|Any CPU
		{B52B70CC-8418-4772-8E75-900032D948BF}.Release|Any CPU.Build.0 = Release|Any CPU
	EndGlobalSection
	GlobalSection(SolutionProperties) = preSolution
		HideSolutionNode = FALSE
	EndGlobalSection
	GlobalSection(ExtensibilityGlobals) = postSolution
		SolutionGuid = {A24CE379-A007-4B81-8BAC-24D89E9A680E}
	EndGlobalSection
EndGlobal
